
Microsoft Visual Studio Solution File, Format Version 12.00
# Visual Studio Version 17
VisualStudioVersion = 17.9.34622.214
MinimumVisualStudioVersion = 10.0.40219.1
Project("{FAE04EC0-301F-11D3-BF4B-00C04F79EFBC}") = "EcommerceDotnet.Web", "EcommerceDotnet.Web\EcommerceDotnet.Web.csproj", "{A1A40388-3AC7-489B-9B58-0116A417A8A1}"
EndProject
Project("{FAE04EC0-301F-11D3-BF4B-00C04F79EFBC}") = "EcommerceDotnet.Data", "EcommerceDotnet.Data\EcommerceDotnet.Data.csproj", "{2E065CF1-7DD1-43B1-9F0D-2E06294C2F8F}"
EndProject
Project("{FAE04EC0-301F-11D3-BF4B-00C04F79EFBC}") = "EcommerceDotnet.Models", "EcommerceDotnet.Models\EcommerceDotnet.Models.csproj", "{65485FC2-3655-40D0-B50E-80078A386244}"
EndProject
Project("{FAE04EC0-301F-11D3-BF4B-00C04F79EFBC}") = "EcommerceDotnet.Services", "EcommerceDotnet.Services\EcommerceDotnet.Services.csproj", "{1CCB24D2-3B29-494B-B46C-CBA8524139D4}"
EndProject
Global
	GlobalSection(SolutionConfigurationPlatforms) = preSolution
		Debug|Any CPU = Debug|Any CPU
		Release|Any CPU = Release|Any CPU
	EndGlobalSection
	GlobalSection(ProjectConfigurationPlatforms) = postSolution
		{A1A40388-3AC7-489B-9B58-0116A417A8A1}.Debug|Any CPU.ActiveCfg = Debug|Any CPU
		{A1A40388-3AC7-489B-9B58-0116A417A8A1}.Debug|Any CPU.Build.0 = Debug|Any CPU
		{A1A40388-3AC7-489B-9B58-0116A417A8A1}.Release|Any CPU.ActiveCfg = Release|Any CPU
		{A1A40388-3AC7-489B-9B58-0116A417A8A1}.Release|Any CPU.Build.0 = Release|Any CPU
		{2E065CF1-7DD1-43B1-9F0D-2E06294C2F8F}.Debug|Any CPU.ActiveCfg = Debug|Any CPU
		{2E065CF1-7DD1-43B1-9F0D-2E06294C2F8F}.Debug|Any CPU.Build.0 = Debug|Any CPU
		{2E065CF1-7DD1-43B1-9F0D-2E06294C2F8F}.Release|Any CPU.ActiveCfg = Release|Any CPU
		{2E065CF1-7DD1-43B1-9F0D-2E06294C2F8F}.Release|Any CPU.Build.0 = Release|Any CPU
		{65485FC2-3655-40D0-B50E-80078A386244}.Debug|Any CPU.ActiveCfg = Debug|Any CPU
		{65485FC2-3655-40D0-B50E-80078A386244}.Debug|Any CPU.Build.0 = Debug|Any CPU
		{65485FC2-3655-40D0-B50E-80078A386244}.Release|Any CPU.ActiveCfg = Release|Any CPU
		{65485FC2-3655-40D0-B50E-80078A386244}.Release|Any CPU.Build.0 = Release|Any CPU
		{1CCB24D2-3B29-494B-B46C-CBA8524139D4}.Debug|Any CPU.ActiveCfg = Debug|Any CPU
		{1CCB24D2-3B29-494B-B46C-CBA8524139D4}.Debug|Any CPU.Build.0 = Debug|Any CPU
		{1CCB24D2-3B29-494B-B46C-CBA8524139D4}.Release|Any CPU.ActiveCfg = Release|Any CPU
		{1CCB24D2-3B29-494B-B46C-CBA8524139D4}.Release|Any CPU.Build.0 = Release|Any CPU
	EndGlobalSection
	GlobalSection(SolutionProperties) = preSolution
		HideSolutionNode = FALSE
	EndGlobalSection
	GlobalSection(ExtensibilityGlobals) = postSolution
		SolutionGuid = {91789179-56E7-4FF0-AA31-DB9F9FF4ABA6}
	EndGlobalSection
EndGlobal
